{
  "name": "work",
  "version": "0.11.1",
  "lockfileVersion": 3,
  "requires": true,
  "packages": {
    "": {
      "name": "work",
      "version": "0.11.1",
      "license": "MIT",
      "devDependencies": {
        "sleep-anywhere": "^2.1.2"
      },
      "engines": {
        "node": ">=12.20"
      },
      "peerDependencies": {
        "@75lb/nature": "latest"
      },
      "peerDependenciesMeta": {
        "@75lb/nature": {
          "optional": true
        }
      }
    },
    "node_modules/sleep-anywhere": {
      "version": "2.1.2",
      "resolved": "https://registry.npmjs.org/sleep-anywhere/-/sleep-anywhere-2.1.2.tgz",
      "integrity": "sha512-33xfjBnkLAjjch/y3aUNF/nNoDMOkBm7vFJbzTrk28m4EX2vr8Z6+Bstdo/+sI3uGiIHvSYBxiGTBryV5xieow==",
      "dev": true,
      "license": "MIT",
      "engines": {
        "node": ">=12.17"
      }
    }
  }
}
