{
  "name": "work",
  "version": "0.10.0",
  "lockfileVersion": 3,
  "requires": true,
  "packages": {
    "": {
      "name": "work",
      "version": "0.10.0",
      "license": "MIT",
      "dependencies": {
        "array-back": "^6.2.2",
        "composite-class": "^3.0.0-1",
        "create-mixin": "^3.0.0",
        "fsm-base": "^0.7.0",
        "lodash.get": "^4.4.2",
        "obso": "^0.7.0",
        "typical": "^7.1.1"
      },
      "devDependencies": {
        "sleep-anywhere": "^2.1.1",
        "test-runner": "^0.11.0"
      },
      "engines": {
        "node": ">=12.17"
      }
    },
    "node_modules/@nodelib/fs.scandir": {
      "version": "2.1.5",
      "resolved": "https://registry.npmjs.org/@nodelib/fs.scandir/-/fs.scandir-2.1.5.tgz",
      "integrity": "sha512-vq24Bq3ym5HEQm2NKCr3yXDwjc7vTsEThRDnkp2DK9p1uqLR+DHurm/NOTo0KG7HYHU7eppKZj3MyqYuMBf62g==",
      "dev": true,
      "license": "MIT",
      "dependencies": {
        "@nodelib/fs.stat": "2.0.5",
        "run-parallel": "^1.1.9"
      },
      "engines": {
        "node": ">= 8"
      }
    },
    "node_modules/@nodelib/fs.stat": {
      "version": "2.0.5",
      "resolved": "https://registry.npmjs.org/@nodelib/fs.stat/-/fs.stat-2.0.5.tgz",
      "integrity": "sha512-RkhPPp2zrqDAQA/2jNhnztcPAlv64XdhIp7a7454A5ovI7Bukxgt7MX7udwAu3zg1DcpPU0rz3VV1SeaqvY4+A==",
      "dev": true,
      "license": "MIT",
      "engines": {
        "node": ">= 8"
      }
    },
    "node_modules/@nodelib/fs.walk": {
      "version": "1.2.8",
      "resolved": "https://registry.npmjs.org/@nodelib/fs.walk/-/fs.walk-1.2.8.tgz",
      "integrity": "sha512-oGB+UxlgWcgQkgwo8GcEGwemoTFt3FIO9ababBmaGwXIoBKZ+GTy0pP185beGg7Llih/NSHSV2XAs1lnznocSg==",
      "dev": true,
      "license": "MIT",
      "dependencies": {
        "@nodelib/fs.scandir": "2.1.5",
        "fastq": "^1.6.0"
      },
      "engines": {
        "node": ">= 8"
      }
    },
    "node_modules/@test-runner/core": {
      "version": "0.10.0",
      "resolved": "https://registry.npmjs.org/@test-runner/core/-/core-0.10.0.tgz",
      "integrity": "sha512-1m+DowKsEa4IAShyvwj58b9AfbCgZxf9ynPRGixsIzUY03zSEdNB2ItfjMtDPNmoPgbZVxX0DgTgbNfgwRrJQA==",
      "dev": true,
      "license": "MIT",
      "dependencies": {
        "@test-runner/tom": "^0.8.0",
        "fsm-base": "^0.7.0"
      },
      "engines": {
        "node": ">=14"
      }
    },
    "node_modules/@test-runner/core/node_modules/@test-runner/tom": {
      "version": "0.8.1",
      "resolved": "https://registry.npmjs.org/@test-runner/tom/-/tom-0.8.1.tgz",
      "integrity": "sha512-MbQsG8V5R+yU+O9gkL3oidbxk1PNp/j/ctpAXAvbLOdpD+GMan//MBRstFBzLl+n7R9UNvfW3U8eKlnlQ7SNcw==",
      "dev": true,
      "license": "MIT",
      "dependencies": {
        "composite-class": "^2.0.1",
        "create-mixin": "^3.0.0",
        "fsm-base": "^0.7.0",
        "race-timeout-anywhere": "^2.0.0",
        "typical": "^7.1.1"
      },
      "engines": {
        "node": ">=12.17"
      }
    },
    "node_modules/@test-runner/core/node_modules/composite-class": {
      "version": "2.0.1",
      "resolved": "https://registry.npmjs.org/composite-class/-/composite-class-2.0.1.tgz",
      "integrity": "sha512-zEUaKe0wIkAMonjQPZPm4w7aylosaMjqGpHynYT2V05q02I93CWfBxp3kV2iB7anvc/aDvCJN36FzFco3c788A==",
      "dev": true,
      "license": "MIT",
      "engines": {
        "node": ">=10"
      }
    },
    "node_modules/@test-runner/default-view": {
      "version": "0.6.1",
      "resolved": "https://registry.npmjs.org/@test-runner/default-view/-/default-view-0.6.1.tgz",
      "integrity": "sha512-/yuHQe+kdtYDnppGg/wc80KQal/3Ril4JOTUUA9esskjZaEpcA6xQ9Cop21rpWhrbmxLqsX1Q48MccunA3/T4w==",
      "dev": true,
      "license": "MIT",
      "dependencies": {
        "ansi-escape-sequences": "^6.2.0"
      },
      "engines": {
        "node": ">=12.17"
      }
    },
    "node_modules/@test-runner/live-view": {
      "version": "0.2.1",
      "resolved": "https://registry.npmjs.org/@test-runner/live-view/-/live-view-0.2.1.tgz",
      "integrity": "sha512-JnCPfxP4v9cMnFbyVaCp9Oa2bufM842MY24g8EIXmkkhO8UKMc2dH3K9tHX48D1s4kIty2UdT92kb4nxexOC4w==",
      "dev": true,
      "license": "MIT",
      "dependencies": {
        "ansi-escape-sequences": "^6.2.0"
      },
      "engines": {
        "node": ">=12.17"
      }
    },
    "node_modules/@test-runner/oneline-view": {
      "version": "0.2.0",
      "resolved": "https://registry.npmjs.org/@test-runner/oneline-view/-/oneline-view-0.2.0.tgz",
      "integrity": "sha512-A0Q3D/V/71vrZjlMu0nCYVjrcI/7q7KD/AVRNCsMysSbalKJh4AcwEeGHPDtUhio7V3Eux4VjJl9HVtgst0Mcw==",
      "dev": true,
      "license": "MIT",
      "dependencies": {
        "@test-runner/default-view": "^0.6.1",
        "ansi-escape-sequences": "^6.2.0",
        "string-length": "^5.0.1"
      },
      "engines": {
        "node": ">=12.17"
      }
    },
    "node_modules/@test-runner/tom": {
      "version": "0.9.1",
      "resolved": "https://registry.npmjs.org/@test-runner/tom/-/tom-0.9.1.tgz",
      "integrity": "sha512-kkr+2AcUCsMANLghAiLdWOF8clUe6a3hhsHeDdPyrPVZNMuooqOl/d5bQm1/YK3D0Xm1aiCs3NIPimZcQhzk+g==",
      "dev": true,
      "license": "MIT",
      "dependencies": {
        "composite-class": "^2.0.1",
        "create-mixin": "^3.0.0",
        "fsm-base": "^0.7.0",
        "race-timeout-anywhere": "^2.0.0",
        "typical": "^7.1.1"
      },
      "engines": {
        "node": ">=12.17"
      }
    },
    "node_modules/@test-runner/tom/node_modules/composite-class": {
      "version": "2.0.1",
      "resolved": "https://registry.npmjs.org/composite-class/-/composite-class-2.0.1.tgz",
      "integrity": "sha512-zEUaKe0wIkAMonjQPZPm4w7aylosaMjqGpHynYT2V05q02I93CWfBxp3kV2iB7anvc/aDvCJN36FzFco3c788A==",
      "dev": true,
      "license": "MIT",
      "engines": {
        "node": ">=10"
      }
    },
    "node_modules/ansi-escape-sequences": {
      "version": "6.2.2",
      "resolved": "https://registry.npmjs.org/ansi-escape-sequences/-/ansi-escape-sequences-6.2.2.tgz",
      "integrity": "sha512-mBPG9BZy4dMOJQ9BehU6ph8IKslvVppbqZ8APHnpfP+Hsx/hGow5PY46lSQL1vPPi1F5XTtO6p3GcH8O9c0cUg==",
      "dev": true,
      "license": "MIT",
      "dependencies": {
        "array-back": "^6.2.2"
      },
      "engines": {
        "node": ">=12.17"
      }
    },
    "node_modules/ansi-regex": {
      "version": "6.0.1",
      "resolved": "https://registry.npmjs.org/ansi-regex/-/ansi-regex-6.0.1.tgz",
      "integrity": "sha512-n5M855fKb2SsfMIiFFoVrABHJC8QtHwVx+mHWP3QcEqBHYienj5dHSgjbxtC0WEZXYt4wcD6zrQElDPhFuZgfA==",
      "dev": true,
      "license": "MIT",
      "engines": {
        "node": ">=12"
      },
      "funding": {
        "url": "https://github.com/chalk/ansi-regex?sponsor=1"
      }
    },
    "node_modules/ansi-styles": {
      "version": "4.3.0",
      "resolved": "https://registry.npmjs.org/ansi-styles/-/ansi-styles-4.3.0.tgz",
      "integrity": "sha512-zbB9rCJAT1rbjiVDb2hqKFHNYLxgtk8NURxZ3IZwD3F6NtxbXZQCnnSi1Lkx+IDohdPlFp222wVALIheZJQSEg==",
      "dev": true,
      "license": "MIT",
      "dependencies": {
        "color-convert": "^2.0.1"
      },
      "engines": {
        "node": ">=8"
      },
      "funding": {
        "url": "https://github.com/chalk/ansi-styles?sponsor=1"
      }
    },
    "node_modules/array-back": {
      "version": "6.2.2",
      "resolved": "https://registry.npmjs.org/array-back/-/array-back-6.2.2.tgz",
      "integrity": "sha512-gUAZ7HPyb4SJczXAMUXMGAvI976JoK3qEx9v1FTmeYuJj0IBiaKttG1ydtGKdkfqWkIkouke7nG8ufGy77+Cvw==",
      "license": "MIT",
      "engines": {
        "node": ">=12.17"
      }
    },
    "node_modules/braces": {
      "version": "3.0.3",
      "resolved": "https://registry.npmjs.org/braces/-/braces-3.0.3.tgz",
      "integrity": "sha512-yQbXgO/OSZVD2IsiLlro+7Hf6Q18EJrKSEsdoMzKePKXct3gvD8oLcOQdIzGupr5Fj+EDe8gO/lxc1BzfMpxvA==",
      "dev": true,
      "license": "MIT",
      "dependencies": {
        "fill-range": "^7.1.1"
      },
      "engines": {
        "node": ">=8"
      }
    },
    "node_modules/chalk": {
      "version": "4.1.2",
      "resolved": "https://registry.npmjs.org/chalk/-/chalk-4.1.2.tgz",
      "integrity": "sha512-oKnbhFyRIXpUuez8iBMmyEa4nbj4IOQyuhc/wy9kY7/WVPcwIO9VA668Pu8RkO7+0G76SLROeyw9CpQ061i4mA==",
      "dev": true,
      "license": "MIT",
      "dependencies": {
        "ansi-styles": "^4.1.0",
        "supports-color": "^7.1.0"
      },
      "engines": {
        "node": ">=10"
      },
      "funding": {
        "url": "https://github.com/chalk/chalk?sponsor=1"
      }
    },
    "node_modules/chalk-template": {
      "version": "0.4.0",
      "resolved": "https://registry.npmjs.org/chalk-template/-/chalk-template-0.4.0.tgz",
      "integrity": "sha512-/ghrgmhfY8RaSdeo43hNXxpoHAtxdbskUHjPpfqUWGttFgycUhYPGx3YZBCnUCvOa7Doivn1IZec3DEGFoMgLg==",
      "dev": true,
      "license": "MIT",
      "dependencies": {
        "chalk": "^4.1.2"
      },
      "engines": {
        "node": ">=12"
      },
      "funding": {
        "url": "https://github.com/chalk/chalk-template?sponsor=1"
      }
    },
    "node_modules/char-regex": {
      "version": "2.0.1",
      "resolved": "https://registry.npmjs.org/char-regex/-/char-regex-2.0.1.tgz",
      "integrity": "sha512-oSvEeo6ZUD7NepqAat3RqoucZ5SeqLJgOvVIwkafu6IP3V0pO38s/ypdVUmDDK6qIIHNlYHJAKX9E7R7HoKElw==",
      "dev": true,
      "license": "MIT",
      "engines": {
        "node": ">=12.20"
      }
    },
    "node_modules/color-convert": {
      "version": "2.0.1",
      "resolved": "https://registry.npmjs.org/color-convert/-/color-convert-2.0.1.tgz",
      "integrity": "sha512-RRECPsj7iu/xb5oKYcsFHSppFNnsj/52OVTRKb4zP5onXwVF3zVmmToNcOfGC+CRDpfK/U584fMg38ZHCaElKQ==",
      "dev": true,
      "license": "MIT",
      "dependencies": {
        "color-name": "~1.1.4"
      },
      "engines": {
        "node": ">=7.0.0"
      }
    },
    "node_modules/color-name": {
      "version": "1.1.4",
      "resolved": "https://registry.npmjs.org/color-name/-/color-name-1.1.4.tgz",
      "integrity": "sha512-dOy+3AuW3a2wNbZHIuMZpTcgjGuLU/uBL/ubcZF9OXbDo8ff4O8yVp5Bf0efS8uEoYo5q4Fx7dY9OgQGXgAsQA==",
      "dev": true,
      "license": "MIT"
    },
    "node_modules/command-line-args": {
      "version": "6.0.0",
      "resolved": "https://registry.npmjs.org/command-line-args/-/command-line-args-6.0.0.tgz",
      "integrity": "sha512-zDdHxHzlCp/gA1gy0VtPK3YL0Aob3ijJdwZ7H3HSl55hh8EziLtRlyj/od8EGRJfX8IjussC/mQkScl2Ms5Suw==",
      "dev": true,
      "license": "MIT",
      "dependencies": {
        "array-back": "^6.2.2",
        "find-replace": "^5.0.1",
        "lodash.camelcase": "^4.3.0",
        "typical": "^7.1.1"
      },
      "engines": {
        "node": ">=12.20"
      }
    },
    "node_modules/command-line-usage": {
      "version": "7.0.3",
      "resolved": "https://registry.npmjs.org/command-line-usage/-/command-line-usage-7.0.3.tgz",
      "integrity": "sha512-PqMLy5+YGwhMh1wS04mVG44oqDsgyLRSKJBdOo1bnYhMKBW65gZF1dRp2OZRhiTjgUHljy99qkO7bsctLaw35Q==",
      "dev": true,
      "license": "MIT",
      "dependencies": {
        "array-back": "^6.2.2",
        "chalk-template": "^0.4.0",
        "table-layout": "^4.1.0",
        "typical": "^7.1.1"
      },
      "engines": {
        "node": ">=12.20.0"
      }
    },
    "node_modules/composite-class": {
      "version": "3.0.0-1",
      "resolved": "https://registry.npmjs.org/composite-class/-/composite-class-3.0.0-1.tgz",
      "integrity": "sha512-ohG0tUjdPPjQHP0HvU1tMTgo1sejCoHMfb2RodxwEUxnMLIM4N7g8vwqsZx4Vk3C7wxLHmAenBhuO6hOloHteA==",
      "license": "MIT",
      "engines": {
        "node": ">=12.20"
      }
    },
    "node_modules/create-mixin": {
      "version": "3.0.0",
      "resolved": "https://registry.npmjs.org/create-mixin/-/create-mixin-3.0.0.tgz",
      "integrity": "sha512-LkdMqnWT9LaqBN4huqpUnMz56Yr1mVSoCduAd2xXefgH/YZP2sXCMAyztXjk4q8hTF/TlcDa+zQW2aTgGdjjKQ==",
      "license": "MIT",
      "engines": {
        "node": ">=10"
      }
    },
    "node_modules/current-module-paths": {
      "version": "1.1.1",
      "resolved": "https://registry.npmjs.org/current-module-paths/-/current-module-paths-1.1.1.tgz",
      "integrity": "sha512-8Ga5T8oMXBaSsHq9Gj+bddX7kHSaJKsl2vaAd3ep51eQLkr4W18eFEmEZM5bLo1zrz8tt3jE1U8QK9QGhaLR4g==",
      "dev": true,
      "license": "MIT",
      "engines": {
        "node": ">=12.17"
      }
    },
    "node_modules/fast-glob": {
      "version": "3.3.2",
      "resolved": "https://registry.npmjs.org/fast-glob/-/fast-glob-3.3.2.tgz",
      "integrity": "sha512-oX2ruAFQwf/Orj8m737Y5adxDQO0LAB7/S5MnxCdTNDd4p6BsyIVsv9JQsATbTSq8KHRpLwIHbVlUNatxd+1Ow==",
      "dev": true,
      "license": "MIT",
      "dependencies": {
        "@nodelib/fs.stat": "^2.0.2",
        "@nodelib/fs.walk": "^1.2.3",
        "glob-parent": "^5.1.2",
        "merge2": "^1.3.0",
        "micromatch": "^4.0.4"
      },
      "engines": {
        "node": ">=8.6.0"
      }
    },
    "node_modules/fastq": {
      "version": "1.17.1",
      "resolved": "https://registry.npmjs.org/fastq/-/fastq-1.17.1.tgz",
      "integrity": "sha512-sRVD3lWVIXWg6By68ZN7vho9a1pQcN/WBFaAAsDDFzlJjvoGx0P8z7V1t72grFJfJhu3YPZBuu25f7Kaw2jN1w==",
      "dev": true,
      "license": "ISC",
      "dependencies": {
        "reusify": "^1.0.4"
      }
    },
    "node_modules/fill-range": {
      "version": "7.1.1",
      "resolved": "https://registry.npmjs.org/fill-range/-/fill-range-7.1.1.tgz",
      "integrity": "sha512-YsGpe3WHLK8ZYi4tWDg2Jy3ebRz2rXowDxnld4bkQB00cc/1Zw9AWnC0i9ztDJitivtQvaI9KaLyKrc+hBW0yg==",
      "dev": true,
      "license": "MIT",
      "dependencies": {
        "to-regex-range": "^5.0.1"
      },
      "engines": {
        "node": ">=8"
      }
    },
    "node_modules/find-replace": {
      "version": "5.0.1",
      "resolved": "https://registry.npmjs.org/find-replace/-/find-replace-5.0.1.tgz",
      "integrity": "sha512-o5/Y8HrCNRuFF5rdNTkX8Vhv6kTFTV0t1zIoigwlCdbkA9qaapRzxvWPND2VvlFa9LBI05Q1i8ml/saMqkOJUQ==",
      "dev": true,
      "license": "MIT",
      "dependencies": {
        "array-back": "^6.2.2"
      },
      "engines": {
        "node": ">=14"
      }
    },
    "node_modules/fsm-base": {
      "version": "0.7.0",
      "resolved": "https://registry.npmjs.org/fsm-base/-/fsm-base-0.7.0.tgz",
      "integrity": "sha512-qL/cAOixPK0DmwmZzwzSXPJ8fcetM5iuXF47g7OovQHPGE9gfZdPQklXY47gNZUIjDKan5P27GK5Jk0GC+4wDQ==",
      "license": "MIT",
      "dependencies": {
        "array-back": "^6.1.1",
        "obso": "^0.7.0"
      },
      "engines": {
        "node": ">=14"
      }
    },
    "node_modules/glob-parent": {
      "version": "5.1.2",
      "resolved": "https://registry.npmjs.org/glob-parent/-/glob-parent-5.1.2.tgz",
      "integrity": "sha512-AOIgSQCepiJYwP3ARnGx+5VnTu2HBYdzbGP45eLw1vr3zB3vZLeyed1sC9hnbcOc9/SrMyM5RPQrkGz4aS9Zow==",
      "dev": true,
      "license": "ISC",
      "dependencies": {
        "is-glob": "^4.0.1"
      },
      "engines": {
        "node": ">= 6"
      }
    },
    "node_modules/has-flag": {
      "version": "4.0.0",
      "resolved": "https://registry.npmjs.org/has-flag/-/has-flag-4.0.0.tgz",
      "integrity": "sha512-EykJT/Q1KjTWctppgIAgfSO0tKVuZUjhgMr17kqTumMl6Afv3EISleU7qZUzoXDFTAHTDC4NOoG/ZxU3EvlMPQ==",
      "dev": true,
      "license": "MIT",
      "engines": {
        "node": ">=8"
      }
    },
    "node_modules/is-extglob": {
      "version": "2.1.1",
      "resolved": "https://registry.npmjs.org/is-extglob/-/is-extglob-2.1.1.tgz",
      "integrity": "sha512-SbKbANkN603Vi4jEZv49LeVJMn4yGwsbzZworEoyEiutsN3nJYdbO36zfhGJ6QEDpOZIFkDtnq5JRxmvl3jsoQ==",
      "dev": true,
      "license": "MIT",
      "engines": {
        "node": ">=0.10.0"
      }
    },
    "node_modules/is-glob": {
      "version": "4.0.3",
      "resolved": "https://registry.npmjs.org/is-glob/-/is-glob-4.0.3.tgz",
      "integrity": "sha512-xelSayHH36ZgE7ZWhli7pW34hNbNl8Ojv5KVmkJD4hBdD3th8Tfk9vYasLM+mXWOZhFkgZfxhLSnrwRr4elSSg==",
      "dev": true,
      "license": "MIT",
      "dependencies": {
        "is-extglob": "^2.1.1"
      },
      "engines": {
        "node": ">=0.10.0"
      }
    },
    "node_modules/is-number": {
      "version": "7.0.0",
      "resolved": "https://registry.npmjs.org/is-number/-/is-number-7.0.0.tgz",
      "integrity": "sha512-41Cifkg6e8TylSpdtTpeLVMqvSBEVzTttHvERD741+pnZ8ANv0004MRL43QKPDlK9cGvNp6NZWZUBlbGXYxxng==",
      "dev": true,
      "license": "MIT",
      "engines": {
        "node": ">=0.12.0"
      }
    },
    "node_modules/load-module": {
      "version": "4.2.1",
      "resolved": "https://registry.npmjs.org/load-module/-/load-module-4.2.1.tgz",
      "integrity": "sha512-Sbfg6R4LjvyThJpqUoADHMjyoI2+cL4msbCQeZ9kkY/CqP/TT2938eftKm7x4I2gd4/A+DEe6nePkbfWYbXwSw==",
      "dev": true,
      "license": "MIT",
      "dependencies": {
        "array-back": "^6.2.0"
      },
      "engines": {
        "node": ">=12.17"
      }
    },
    "node_modules/lodash.camelcase": {
      "version": "4.3.0",
      "resolved": "https://registry.npmjs.org/lodash.camelcase/-/lodash.camelcase-4.3.0.tgz",
      "integrity": "sha512-TwuEnCnxbc3rAvhf/LbG7tJUDzhqXyFnv3dtzLOPgCG/hODL7WFnsbwktkD7yUV0RrreP/l1PALq/YSg6VvjlA==",
      "dev": true,
      "license": "MIT"
    },
    "node_modules/lodash.get": {
      "version": "4.4.2",
      "resolved": "https://registry.npmjs.org/lodash.get/-/lodash.get-4.4.2.tgz",
      "integrity": "sha512-z+Uw/vLuy6gQe8cfaFWD7p0wVv8fJl3mbzXh33RS+0oW2wvUqiRXiQ69gLWSLpgB5/6sU+r6BlQR0MBILadqTQ==",
      "license": "MIT"
    },
    "node_modules/merge2": {
      "version": "1.4.1",
      "resolved": "https://registry.npmjs.org/merge2/-/merge2-1.4.1.tgz",
      "integrity": "sha512-8q7VEgMJW4J8tcfVPy8g09NcQwZdbwFEqhe/WZkoIzjn/3TGDwtOCYtXGxA3O8tPzpczCCDgv+P2P5y00ZJOOg==",
      "dev": true,
      "license": "MIT",
      "engines": {
        "node": ">= 8"
      }
    },
    "node_modules/micromatch": {
      "version": "4.0.7",
      "resolved": "https://registry.npmjs.org/micromatch/-/micromatch-4.0.7.tgz",
      "integrity": "sha512-LPP/3KorzCwBxfeUuZmaR6bG2kdeHSbe0P2tY3FLRU4vYrjYz5hI4QZwV0njUx3jeuKe67YukQ1LSPZBKDqO/Q==",
      "dev": true,
      "license": "MIT",
      "dependencies": {
        "braces": "^3.0.3",
        "picomatch": "^2.3.1"
      },
      "engines": {
        "node": ">=8.6"
      }
    },
    "node_modules/obso": {
      "version": "0.7.0",
      "resolved": "https://registry.npmjs.org/obso/-/obso-0.7.0.tgz",
      "integrity": "sha512-iNEHV1r9hFfemR0jFUIxFxqkR9rcvY10C7U/LtKM2w5wS3nSLZEqRnfGY/P8cYzCXHTzTefxMYfnIJkssDhmAg==",
      "license": "MIT",
      "engines": {
        "node": ">=14"
      }
    },
    "node_modules/picomatch": {
      "version": "2.3.1",
      "resolved": "https://registry.npmjs.org/picomatch/-/picomatch-2.3.1.tgz",
      "integrity": "sha512-JU3teHTNjmE2VCGFzuY8EXzCDVwEqB2a8fsIvwaStHhAWJEeVd1o1QD80CU6+ZdEXXSLbSsuLwJjkCBWqRQUVA==",
      "dev": true,
      "license": "MIT",
      "engines": {
        "node": ">=8.6"
      },
      "funding": {
        "url": "https://github.com/sponsors/jonschlinkert"
      }
    },
    "node_modules/queue-microtask": {
      "version": "1.2.3",
      "resolved": "https://registry.npmjs.org/queue-microtask/-/queue-microtask-1.2.3.tgz",
      "integrity": "sha512-NuaNSa6flKT5JaSYQzJok04JzTL1CA6aGhv5rfLW3PgqA+M2ChpZQnAC8h8i4ZFkBS8X5RqkDBHA7r4hej3K9A==",
      "dev": true,
      "funding": [
        {
          "type": "github",
          "url": "https://github.com/sponsors/feross"
        },
        {
          "type": "patreon",
          "url": "https://www.patreon.com/feross"
        },
        {
          "type": "consulting",
          "url": "https://feross.org/support"
        }
      ],
      "license": "MIT"
    },
    "node_modules/race-timeout-anywhere": {
      "version": "2.0.0",
      "resolved": "https://registry.npmjs.org/race-timeout-anywhere/-/race-timeout-anywhere-2.0.0.tgz",
      "integrity": "sha512-kFE+ZL9Esq2JVcHp+ygSI8bTSAfJuXi8nQCDVAD2zLYJ/TMzObyLLbVaXA99JFVtsibIF7A1IqJRfiC4H+muxQ==",
      "dev": true,
      "license": "MIT",
      "engines": {
        "node": ">=14"
      }
    },
    "node_modules/reusify": {
      "version": "1.0.4",
      "resolved": "https://registry.npmjs.org/reusify/-/reusify-1.0.4.tgz",
      "integrity": "sha512-U9nH88a3fc/ekCF1l0/UP1IosiuIjyTh7hBvXVMHYgVcfGvt897Xguj2UOLDeI5BG2m7/uwyaLVT6fbtCwTyzw==",
      "dev": true,
      "license": "MIT",
      "engines": {
        "iojs": ">=1.0.0",
        "node": ">=0.10.0"
      }
    },
    "node_modules/run-parallel": {
      "version": "1.2.0",
      "resolved": "https://registry.npmjs.org/run-parallel/-/run-parallel-1.2.0.tgz",
      "integrity": "sha512-5l4VyZR86LZ/lDxZTR6jqL8AFE2S0IFLMP26AbjsLVADxHdhB/c0GUsH+y39UfCi3dzz8OlQuPmnaJOMoDHQBA==",
      "dev": true,
      "funding": [
        {
          "type": "github",
          "url": "https://github.com/sponsors/feross"
        },
        {
          "type": "patreon",
          "url": "https://www.patreon.com/feross"
        },
        {
          "type": "consulting",
          "url": "https://feross.org/support"
        }
      ],
      "license": "MIT",
      "dependencies": {
        "queue-microtask": "^1.2.2"
      }
    },
    "node_modules/sleep-anywhere": {
      "version": "2.1.1",
      "resolved": "https://registry.npmjs.org/sleep-anywhere/-/sleep-anywhere-2.1.1.tgz",
      "integrity": "sha512-MsAjE5wVDCp5skMffpHySicVoO5cKZxo3LUZk0evf64HGZOHR4NnhF+pp6VP3MJRBbawgmS7ZZxGCQoY8rJnLQ==",
      "dev": true,
      "license": "MIT",
      "engines": {
        "node": ">=12.17"
      }
    },
    "node_modules/string-length": {
      "version": "5.0.1",
      "resolved": "https://registry.npmjs.org/string-length/-/string-length-5.0.1.tgz",
      "integrity": "sha512-9Ep08KAMUn0OadnVaBuRdE2l615CQ508kr0XMadjClfYpdCyvrbFp6Taebo8yyxokQ4viUd/xPPUA4FGgUa0ow==",
      "dev": true,
      "license": "MIT",
      "dependencies": {
        "char-regex": "^2.0.0",
        "strip-ansi": "^7.0.1"
      },
      "engines": {
        "node": ">=12.20"
      },
      "funding": {
        "url": "https://github.com/sponsors/sindresorhus"
      }
    },
    "node_modules/strip-ansi": {
      "version": "7.1.0",
      "resolved": "https://registry.npmjs.org/strip-ansi/-/strip-ansi-7.1.0.tgz",
      "integrity": "sha512-iq6eVVI64nQQTRYq2KtEg2d2uU7LElhTJwsH4YzIHZshxlgZms/wIc4VoDQTlG/IvVIrBKG06CrZnp0qv7hkcQ==",
      "dev": true,
      "license": "MIT",
      "dependencies": {
        "ansi-regex": "^6.0.1"
      },
      "engines": {
        "node": ">=12"
      },
      "funding": {
        "url": "https://github.com/chalk/strip-ansi?sponsor=1"
      }
    },
    "node_modules/supports-color": {
      "version": "7.2.0",
      "resolved": "https://registry.npmjs.org/supports-color/-/supports-color-7.2.0.tgz",
      "integrity": "sha512-qpCAvRl9stuOHveKsn7HncJRvv501qIacKzQlO/+Lwxc9+0q2wLyv4Dfvt80/DPn2pqOBsJdDiogXGR9+OvwRw==",
      "dev": true,
      "license": "MIT",
      "dependencies": {
        "has-flag": "^4.0.0"
      },
      "engines": {
        "node": ">=8"
      }
    },
    "node_modules/table-layout": {
      "version": "4.1.1",
      "resolved": "https://registry.npmjs.org/table-layout/-/table-layout-4.1.1.tgz",
      "integrity": "sha512-iK5/YhZxq5GO5z8wb0bY1317uDF3Zjpha0QFFLA8/trAoiLbQD0HUbMesEaxyzUgDxi2QlcbM8IvqOlEjgoXBA==",
      "dev": true,
      "license": "MIT",
      "dependencies": {
        "array-back": "^6.2.2",
        "wordwrapjs": "^5.1.0"
      },
      "engines": {
        "node": ">=12.17"
      }
    },
    "node_modules/test-runner": {
      "version": "0.11.0",
      "resolved": "https://registry.npmjs.org/test-runner/-/test-runner-0.11.0.tgz",
      "integrity": "sha512-bzV+hEefS8dNmXB5YUcwekt37HRVwVkiUZi05SgS9RR7+zHQJpeIMBOflROGXqd5pTwwm2ectThgT86eZvxw5A==",
      "dev": true,
      "license": "MIT",
      "dependencies": {
        "@test-runner/core": "^0.10.0",
        "@test-runner/default-view": "^0.6.1",
        "@test-runner/live-view": "^0.2.1",
        "@test-runner/oneline-view": "^0.2.0",
        "@test-runner/tom": "^0.9.1",
        "command-line-args": "^6.0.0",
        "command-line-usage": "^7.0.3",
        "current-module-paths": "^1.1.1",
        "fast-glob": "^3.3.2",
        "load-module": "^4.2.1",
        "walk-back": "^5.1.0"
      },
      "bin": {
        "test-runner": "bin/cli.js"
      },
      "engines": {
        "node": ">=12.17"
      }
    },
    "node_modules/to-regex-range": {
      "version": "5.0.1",
      "resolved": "https://registry.npmjs.org/to-regex-range/-/to-regex-range-5.0.1.tgz",
      "integrity": "sha512-65P7iz6X5yEr1cwcgvQxbbIw7Uk3gOy5dIdtZ4rDveLqhrdJP+Li/Hx6tyK0NEb+2GCyneCMJiGqrADCSNk8sQ==",
      "dev": true,
      "license": "MIT",
      "dependencies": {
        "is-number": "^7.0.0"
      },
      "engines": {
        "node": ">=8.0"
      }
    },
    "node_modules/typical": {
      "version": "7.1.1",
      "resolved": "https://registry.npmjs.org/typical/-/typical-7.1.1.tgz",
      "integrity": "sha512-T+tKVNs6Wu7IWiAce5BgMd7OZfNYUndHwc5MknN+UHOudi7sGZzuHdCadllRuqJ3fPtgFtIH9+lt9qRv6lmpfA==",
      "license": "MIT",
      "engines": {
        "node": ">=12.17"
      }
    },
    "node_modules/walk-back": {
      "version": "5.1.0",
      "resolved": "https://registry.npmjs.org/walk-back/-/walk-back-5.1.0.tgz",
      "integrity": "sha512-Uhxps5yZcVNbLEAnb+xaEEMdgTXl9qAQDzKYejG2AZ7qPwRQ81lozY9ECDbjLPNWm7YsO1IK5rsP1KoQzXAcGA==",
      "dev": true,
      "license": "MIT",
      "engines": {
        "node": ">=12.17"
      }
    },
    "node_modules/wordwrapjs": {
      "version": "5.1.0",
      "resolved": "https://registry.npmjs.org/wordwrapjs/-/wordwrapjs-5.1.0.tgz",
      "integrity": "sha512-JNjcULU2e4KJwUNv6CHgI46UvDGitb6dGryHajXTDiLgg1/RiGoPSDw4kZfYnwGtEXf2ZMeIewDQgFGzkCB2Sg==",
      "dev": true,
      "license": "MIT",
      "engines": {
        "node": ">=12.17"
      }
    }
  }
}
